
Microsoft Visual Studio Solution File, Format Version 12.00
# Visual Studio Version 17
VisualStudioVersion = 17.5.33414.496
MinimumVisualStudioVersion = 10.0.40219.1
Project("{FAE04EC0-301F-11D3-BF4B-00C04F79EFBC}") = "ITMarathon", "ITMarathon\ITMarathon.csproj", "{64D533E3-D96B-48CD-84BF-BFD2D415341C}"
EndProject
Global
	GlobalSection(SolutionConfigurationPlatforms) = preSolution
		Debug|Any CPU = Debug|Any CPU
		Release|Any CPU = Release|Any CPU
	EndGlobalSection
	GlobalSection(ProjectConfigurationPlatforms) = postSolution
		{64D533E3-D96B-48CD-84BF-BFD2D415341C}.Debug|Any CPU.ActiveCfg = Debug|Any CPU
		{64D533E3-D96B-48CD-84BF-BFD2D415341C}.Debug|Any CPU.Build.0 = Debug|Any CPU
		{64D533E3-D96B-48CD-84BF-BFD2D415341C}.Release|Any CPU.ActiveCfg = Release|Any CPU
		{64D533E3-D96B-48CD-84BF-BFD2D415341C}.Release|Any CPU.Build.0 = Release|Any CPU
	EndGlobalSection
	GlobalSection(SolutionProperties) = preSolution
		HideSolutionNode = FALSE
	EndGlobalSection
	GlobalSection(ExtensibilityGlobals) = postSolution
		SolutionGuid = {21269A89-AC8B-489E-AF91-3FAB18132B9D}
	EndGlobalSection
EndGlobal
